
Microsoft Visual Studio Solution File, Format Version 12.00
# Visual Studio Version 17
VisualStudioVersion = 17.0.31903.59
MinimumVisualStudioVersion = 10.0.40219.1
Project("{FAE04EC0-301F-11D3-BF4B-00C04F79EFBC}") = "VSP.MarketingOS.API", "src\VSP.MarketingOS.API\VSP.MarketingOS.API.csproj", "{A1B2C3D4-E5F6-7890-ABCD-EF1234567890}"
EndProject
Project("{FAE04EC0-301F-11D3-BF4B-00C04F79EFBC}") = "VSP.MarketingOS.Application", "src\VSP.MarketingOS.Application\VSP.MarketingOS.Application.csproj", "{B2C3D4E5-F6A7-8901-BCDE-F01234567891}"
EndProject
Project("{FAE04EC0-301F-11D3-BF4B-00C04F79EFBC}") = "VSP.MarketingOS.Domain", "src\VSP.MarketingOS.Domain\VSP.MarketingOS.Domain.csproj", "{C3D4E5F6-A7B8-9012-CDEF-012345678912}"
EndProject
Project("{FAE04EC0-301F-11D3-BF4B-00C04F79EFBC}") = "VSP.MarketingOS.Infrastructure", "src\VSP.MarketingOS.Infrastructure\VSP.MarketingOS.Infrastructure.csproj", "{D4E5F6A7-B8C9-0123-DEF0-123456789123}"
EndProject
Global
	GlobalSection(SolutionConfigurationPlatforms) = preSolution
		Debug|Any CPU = Debug|Any CPU
		Release|Any CPU = Release|Any CPU
	EndGlobalSection
EndGlobal
